
Microsoft Visual Studio Solution File, Format Version 10.00
# Visual Studio 2008
Project("{FAE04EC0-301F-11D3-BF4B-00C04F79EFBC}") = "TournamentApi", "TournamentApi\TournamentApi.csproj", "{826AFCF0-646A-4BBF-A2AC-70DCF4AB4F52}"
EndProject
Project("{FAE04EC0-301F-11D3-BF4B-00C04F79EFBC}") = "StandardTournaments", "StandardTournaments\StandardTournaments.csproj", "{3EAA8071-F4A9-4DAA-A964-52DB7FA0C553}"
EndProject
Project("{2150E333-8FDC-42A3-9474-1A3956D46DE8}") = "Solution Items", "Solution Items", "{743A4C55-B7E7-4A0A-BCB6-220D0F0AAC76}"
	ProjectSection(SolutionItems) = preProject
		CustomDictionary.xml = CustomDictionary.xml
		LocalTestRun.testrunconfig = LocalTestRun.testrunconfig
		Tournaments.snk = Tournaments.snk
		Tournaments.vsmdi = Tournaments.vsmdi
	EndProjectSection
EndProject
Project("{FAE04EC0-301F-11D3-BF4B-00C04F79EFBC}") = "TournamentTests", "TournamentTests\TournamentTests.csproj", "{3F1871D3-AD43-4A40-A101-1E2F9019B17A}"
EndProject
Global
	GlobalSection(SubversionScc) = preSolution
		Svn-Managed = True
		Manager = AnkhSVN - Subversion Support for Visual Studio
	EndGlobalSection
	GlobalSection(TestCaseManagementSettings) = postSolution
		CategoryFile = Tournaments.vsmdi
	EndGlobalSection
	GlobalSection(SolutionConfigurationPlatforms) = preSolution
		Debug|Any CPU = Debug|Any CPU
		Release|Any CPU = Release|Any CPU
	EndGlobalSection
	GlobalSection(ProjectConfigurationPlatforms) = postSolution
		{826AFCF0-646A-4BBF-A2AC-70DCF4AB4F52}.Debug|Any CPU.ActiveCfg = Debug|Any CPU
		{826AFCF0-646A-4BBF-A2AC-70DCF4AB4F52}.Debug|Any CPU.Build.0 = Debug|Any CPU
		{826AFCF0-646A-4BBF-A2AC-70DCF4AB4F52}.Release|Any CPU.ActiveCfg = Release|Any CPU
		{826AFCF0-646A-4BBF-A2AC-70DCF4AB4F52}.Release|Any CPU.Build.0 = Release|Any CPU
		{3EAA8071-F4A9-4DAA-A964-52DB7FA0C553}.Debug|Any CPU.ActiveCfg = Debug|Any CPU
		{3EAA8071-F4A9-4DAA-A964-52DB7FA0C553}.Debug|Any CPU.Build.0 = Debug|Any CPU
		{3EAA8071-F4A9-4DAA-A964-52DB7FA0C553}.Release|Any CPU.ActiveCfg = Release|Any CPU
		{3EAA8071-F4A9-4DAA-A964-52DB7FA0C553}.Release|Any CPU.Build.0 = Release|Any CPU
		{3F1871D3-AD43-4A40-A101-1E2F9019B17A}.Debug|Any CPU.ActiveCfg = Debug|Any CPU
		{3F1871D3-AD43-4A40-A101-1E2F9019B17A}.Debug|Any CPU.Build.0 = Debug|Any CPU
		{3F1871D3-AD43-4A40-A101-1E2F9019B17A}.Release|Any CPU.ActiveCfg = Release|Any CPU
		{3F1871D3-AD43-4A40-A101-1E2F9019B17A}.Release|Any CPU.Build.0 = Release|Any CPU
	EndGlobalSection
	GlobalSection(SolutionProperties) = preSolution
		HideSolutionNode = FALSE
	EndGlobalSection
EndGlobal
